dependencies:
- name: lakehouse-management-config-service
  repository: file://../lakehouse-management-config-service
  version: 0.1.0
- name: lakehouse-management-scheduler-service
  repository: file://../lakehouse-management-scheduler-service
  version: 0.1.0
- name: lakehouse-management-state-service
  repository: file://../lakehouse-management-state-service
  version: 0.1.0
- name: lakehouse-management-task-executor-service
  repository: file://../lakehouse-management-task-executor-service
  version: 0.1.0
- name: hive-metastore
  repository: file://../hive-metastore
  version: 0.1.0
- name: trino
  repository: file://../trino
  version: 1.0.0
- name: spark-history
  repository: file://../spark-history
  version: 0.1.0
- name: lakehouse-task-proxy4spark
  repository: file://../lakehouse-task-proxy4spark
  version: 0.1.0
- name: lakehouse-management-ui-svc
  repository: file://../lakehouse-management-ui-svc
  version: 0.1.0
- name: git-server
  repository: file://../git-server
  version: 0.1.0
digest: sha256:4f8b6adb1a20b1939c5a12dc0f9dbadf4f6cabff379ae601a879ed7b5bdfd41d
generated: "2026-08-30T19:20:19.322126118+03:00"
