dependencies:
- name: lakehouse-config-svc
  repository: file://../lakehouse-config-svc
  version: 0.1.0
- name: lakehouse-scheduler-svc
  repository: file://../lakehouse-scheduler-svc
  version: 0.1.0
- name: lakehouse-state-svc
  repository: file://../lakehouse-state-svc
  version: 0.1.0
- name: lakehouse-task-executor-service
  repository: file://../lakehouse-task-executor-svc
  version: 0.1.0
- name: hive-metastore
  repository: file://../hive-metastore
  version: 0.1.0
- name: trino
  repository: file://../trino
  version: 1.0.0
- name: spark-history
  repository: file://../spark-history
  version: 0.1.0
- name: lakehouse-task-proxy4spark
  repository: file://../lakehouse-task-proxy4spark
  version: 0.1.0
- name: lakehouse-ui-svc
  repository: file://../lakehouse-ui-svc
  version: 0.1.0
- name: git-server
  repository: file://../git-server
  version: 0.1.0
- name: lakehouse-ui-modeller-svc
  repository: file://../lakehouse-ui-modeller-svc
  version: 0.1.0
digest: sha256:caaa98933461ec6da9293cf947f34839111cdc30e4fe63ef8b08fbba27e8fda3
generated: "2026-09-15T20:40:10.03394011+03:00"
